
Microsoft Visual Studio Solution File, Format Version 12.00
# Visual Studio Version 17
VisualStudioVersion = 17.6.33829.357
MinimumVisualStudioVersion = 10.0.40219.1
Project("{FAE04EC0-301F-11D3-BF4B-00C04F79EFBC}") = "MetodoAbstrato", "MetodoAbstrato\MetodoAbstrato.csproj", "{355A279B-8A58-418C-A042-A6BBEF1DA158}"
EndProject
Global
	GlobalSection(SolutionConfigurationPlatforms) = preSolution
		Debug|Any CPU = Debug|Any CPU
		Release|Any CPU = Release|Any CPU
	EndGlobalSection
	GlobalSection(ProjectConfigurationPlatforms) = postSolution
		{355A279B-8A58-418C-A042-A6BBEF1DA158}.Debug|Any CPU.ActiveCfg = Debug|Any CPU
		{355A279B-8A58-418C-A042-A6BBEF1DA158}.Debug|Any CPU.Build.0 = Debug|Any CPU
		{355A279B-8A58-418C-A042-A6BBEF1DA158}.Release|Any CPU.ActiveCfg = Release|Any CPU
		{355A279B-8A58-418C-A042-A6BBEF1DA158}.Release|Any CPU.Build.0 = Release|Any CPU
	EndGlobalSection
	GlobalSection(SolutionProperties) = preSolution
		HideSolutionNode = FALSE
	EndGlobalSection
	GlobalSection(ExtensibilityGlobals) = postSolution
		SolutionGuid = {CD1464FD-1021-4648-AD78-AE57B663A91F}
	EndGlobalSection
EndGlobal
